lockfileVersion: '9.0'

settings:
  autoInstallPeers: true
  excludeLinksFromLockfile: false

importers:

  .:
    dependencies:
      '@compositor/core':
        specifier: workspace:^
        version: link:../core
      cookie:
        specifier: ^0.6.0
        version: 0.6.0
    devDependencies:
      '@types/cookie':
        specifier: ^0.6.0
        version: 0.6.0
      '@types/node':
        specifier: ^20.14.12
        version: 20.14.14

packages:

  '@types/cookie@0.6.0':
    resolution: {integrity: sha512-4Kh9a6B2bQciAhf7FSuMRRkUWecJgJu9nPnx3yzpsfXX/c50REIqpHY4C82bXP90qrLtXtkDxTZosYO3UpOwlA==}

  '@types/node@20.14.14':
    resolution: {integrity: sha512-d64f00982fS9YoOgJkAMolK7MN8Iq3TDdVjchbYHdEmjth/DHowx82GnoA+tVUAN+7vxfYUgAzi+JXbKNd2SDQ==}

  cookie@0.6.0:
    resolution: {integrity: sha512-U71cyTamuh1CRNCfpGY6to28lxvNwPG4Guz/EVjgf3Jmzv0vlDp1atT9eS5dDjMYHucpHbWns6Lwf3BKz6svdw==}
    engines: {node: '>= 0.6'}

  undici-types@5.26.5:
    resolution: {integrity: sha512-JlCMO+ehdEIKqlFxk6IfVoAUVmgz7cU7zD/h9XZ0qzeosSHmUJVOzSQvvYSYWXkFXC+IfLKSIffhv0sVZup6pA==}

snapshots:

  '@types/cookie@0.6.0': {}

  '@types/node@20.14.14':
    dependencies:
      undici-types: 5.26.5

  cookie@0.6.0: {}

  undici-types@5.26.5: {}
